
Microsoft Visual Studio Solution File, Format Version 12.00
# Visual Studio 15
VisualStudioVersion = 15.0.28010.0
MinimumVisualStudioVersion = 10.0.40219.1
Project("{FAE04EC0-301F-11D3-BF4B-00C04F79EFBC}") = "GNB_Api", "GNB_Api\GNB_Api.csproj", "{A10BF675-F191-4CDE-BE02-6EC838B67C9B}"
EndProject
Project("{FAE04EC0-301F-11D3-BF4B-00C04F79EFBC}") = "GNB_Api.Tests", "GNB_Api.Tests\GNB_Api.Tests.csproj", "{4D847D84-3C8F-40CE-A2FB-76C26F299BB1}"
EndProject
Global
	GlobalSection(SolutionConfigurationPlatforms) = preSolution
		Debug|Any CPU = Debug|Any CPU
		Release|Any CPU = Release|Any CPU
	EndGlobalSection
	GlobalSection(ProjectConfigurationPlatforms) = postSolution
		{A10BF675-F191-4CDE-BE02-6EC838B67C9B}.Debug|Any CPU.ActiveCfg = Debug|Any CPU
		{A10BF675-F191-4CDE-BE02-6EC838B67C9B}.Debug|Any CPU.Build.0 = Debug|Any CPU
		{A10BF675-F191-4CDE-BE02-6EC838B67C9B}.Release|Any CPU.ActiveCfg = Release|Any CPU
		{A10BF675-F191-4CDE-BE02-6EC838B67C9B}.Release|Any CPU.Build.0 = Release|Any CPU
		{4D847D84-3C8F-40CE-A2FB-76C26F299BB1}.Debug|Any CPU.ActiveCfg = Debug|Any CPU
		{4D847D84-3C8F-40CE-A2FB-76C26F299BB1}.Debug|Any CPU.Build.0 = Debug|Any CPU
		{4D847D84-3C8F-40CE-A2FB-76C26F299BB1}.Release|Any CPU.ActiveCfg = Release|Any CPU
		{4D847D84-3C8F-40CE-A2FB-76C26F299BB1}.Release|Any CPU.Build.0 = Release|Any CPU
	EndGlobalSection
	GlobalSection(SolutionProperties) = preSolution
		HideSolutionNode = FALSE
	EndGlobalSection
	GlobalSection(ExtensibilityGlobals) = postSolution
		SolutionGuid = {153807FD-0469-48DB-913D-5351F7806869}
	EndGlobalSection
EndGlobal
